
Microsoft Visual Studio Solution File, Format Version 12.00
# Visual Studio 2012
Project("{FAE04EC0-301F-11D3-BF4B-00C04F79EFBC}") = "WcfServiceExample", "WcfServiceExample\WcfServiceExample.csproj", "{025EC7C7-26D8-491F-8137-58BDDA2E29BF}"
EndProject
Project("{FAE04EC0-301F-11D3-BF4B-00C04F79EFBC}") = "WinFormsClient", "WinFormsClient\WinFormsClient.csproj", "{1BBA7B0C-391A-4EB4-A3F3-40303489FB90}"
	ProjectSection(ProjectDependencies) = postProject
		{025EC7C7-26D8-491F-8137-58BDDA2E29BF} = {025EC7C7-26D8-491F-8137-58BDDA2E29BF}
	EndProjectSection
EndProject
Project("{FAE04EC0-301F-11D3-BF4B-00C04F79EFBC}") = "ServicioAritmeticoDataContracts", "ServicioAritmeticoDataContracts\ServicioAritmeticoDataContracts.csproj", "{BA021696-5A34-4D43-BB80-D24EB04C754C}"
EndProject
Global
	GlobalSection(SolutionConfigurationPlatforms) = preSolution
		Debug|Any CPU = Debug|Any CPU
		Release|Any CPU = Release|Any CPU
	EndGlobalSection
	GlobalSection(ProjectConfigurationPlatforms) = postSolution
		{025EC7C7-26D8-491F-8137-58BDDA2E29BF}.Debug|Any CPU.ActiveCfg = Debug|Any CPU
		{025EC7C7-26D8-491F-8137-58BDDA2E29BF}.Debug|Any CPU.Build.0 = Debug|Any CPU
		{025EC7C7-26D8-491F-8137-58BDDA2E29BF}.Release|Any CPU.ActiveCfg = Release|Any CPU
		{025EC7C7-26D8-491F-8137-58BDDA2E29BF}.Release|Any CPU.Build.0 = Release|Any CPU
		{1BBA7B0C-391A-4EB4-A3F3-40303489FB90}.Debug|Any CPU.ActiveCfg = Debug|Any CPU
		{1BBA7B0C-391A-4EB4-A3F3-40303489FB90}.Debug|Any CPU.Build.0 = Debug|Any CPU
		{1BBA7B0C-391A-4EB4-A3F3-40303489FB90}.Release|Any CPU.ActiveCfg = Release|Any CPU
		{1BBA7B0C-391A-4EB4-A3F3-40303489FB90}.Release|Any CPU.Build.0 = Release|Any CPU
		{BA021696-5A34-4D43-BB80-D24EB04C754C}.Debug|Any CPU.ActiveCfg = Debug|Any CPU
		{BA021696-5A34-4D43-BB80-D24EB04C754C}.Debug|Any CPU.Build.0 = Debug|Any CPU
		{BA021696-5A34-4D43-BB80-D24EB04C754C}.Release|Any CPU.ActiveCfg = Release|Any CPU
		{BA021696-5A34-4D43-BB80-D24EB04C754C}.Release|Any CPU.Build.0 = Release|Any CPU
	EndGlobalSection
	GlobalSection(SolutionProperties) = preSolution
		HideSolutionNode = FALSE
	EndGlobalSection
	GlobalSection(ExtensibilityGlobals) = postSolution
		EnterpriseLibraryConfigurationToolBinariesPath = packages\Unity.2.1.505.2\lib\NET35
	EndGlobalSection
EndGlobal
